// !$*UTF8*$!
{
	archiveVersion = 1;
	classes = {
	};
	objectVersion = 55;
	objects = {

/* Begin PBXBuildFile section */
		BA68410527A2016D00AB02AA /* SpaceViewModel.swift in Sources */ = {isa = PBXBuildFile; fileRef = BA68410427A2016D00AB02AA /* SpaceViewModel.swift */; };
		BAA9578627A15E1C0076363A /* AppDelegate.swift in Sources */ = {isa = PBXBuildFile; fileRef = BAA9578527A15E1C0076363A /* AppDelegate.swift */; };
		BAA9578827A15E1C0076363A /* SceneDelegate.swift in Sources */ = {isa = PBXBuildFile; fileRef = BAA9578727A15E1C0076363A /* SceneDelegate.swift */; };
		BAA9578D27A15E1C0076363A /* Main.storyboard in Resources */ = {isa = PBXBuildFile; fileRef = BAA9578B27A15E1C0076363A /* Main.storyboard */; };
		BAA9578F27A15E1D0076363A /* Assets.xcassets in Resources */ = {isa = PBXBuildFile; fileRef = BAA9578E27A15E1D0076363A /* Assets.xcassets */; };
		BAA9579227A15E1D0076363A /* LaunchScreen.storyboard in Resources */ = {isa = PBXBuildFile; fileRef = BAA9579027A15E1D0076363A /* LaunchScreen.storyboard */; };
		BAA9579E27A15E660076363A /* Webservice.swift in Sources */ = {isa = PBXBuildFile; fileRef = BAA9579D27A15E660076363A /* Webservice.swift */; };
		BAA957A227A189640076363A /* HomeViewController.swift in Sources */ = {isa = PBXBuildFile; fileRef = BAA957A127A189640076363A /* HomeViewController.swift */; };
		BAA957A827A1ACE10076363A /* Space.swift in Sources */ = {isa = PBXBuildFile; fileRef = BAA957A727A1ACE10076363A /* Space.swift */; };
/* End PBXBuildFile section */

/* Begin PBXFileReference section */
		BA68410427A2016D00AB02AA /* SpaceViewModel.swift */ = {isa = PBXFileReference; lastKnownFileType = sourcecode.swift; path = SpaceViewModel.swift; sourceTree = "<group>"; };
		BAA9578227A15E1C0076363A /* AppNationCase.app */ = {isa = PBXFileReference; explicitFileType = wrapper.application; includeInIndex = 0; path = AppNationCase.app; sourceTree = BUILT_PRODUCTS_DIR; };
		BAA9578527A15E1C0076363A /* AppDelegate.swift */ = {isa = PBXFileReference; lastKnownFileType = sourcecode.swift; path = AppDelegate.swift; sourceTree = "<group>"; };
		BAA9578727A15E1C0076363A /* SceneDelegate.swift */ = {isa = PBXFileReference; lastKnownFileType = sourcecode.swift; path = SceneDelegate.swift; sourceTree = "<group>"; };
		BAA9578C27A15E1C0076363A /* Base */ = {isa = PBXFileReference; lastKnownFileType = file.storyboard; name = Base; path = Base.lproj/Main.storyboard; sourceTree = "<group>"; };
		BAA9578E27A15E1D0076363A /* Assets.xcassets */ = {isa = PBXFileReference; lastKnownFileType = folder.assetcatalog; path = Assets.xcassets; sourceTree = "<group>"; };
		BAA9579127A15E1D0076363A /* Base */ = {isa = PBXFileReference; lastKnownFileType = file.storyboard; name = Base; path = Base.lproj/LaunchScreen.storyboard; sourceTree = "<group>"; };
		BAA9579327A15E1D0076363A /* Info.plist */ = {isa = PBXFileReference; lastKnownFileType = text.plist.xml; path = Info.plist; sourceTree = "<group>"; };
		BAA9579D27A15E660076363A /* Webservice.swift */ = {isa = PBXFileReference; lastKnownFileType = sourcecode.swift; path = Webservice.swift; sourceTree = "<group>"; };
		BAA957A127A189640076363A /* HomeViewController.swift */ = {isa = PBXFileReference; lastKnownFileType = sourcecode.swift; path = HomeViewController.swift; sourceTree = "<group>"; };
		BAA957A727A1ACE10076363A /* Space.swift */ = {isa = PBXFileReference; lastKnownFileType = sourcecode.swift; path = Space.swift; sourceTree = "<group>"; };
/* End PBXFileReference section */

/* Begin PBXFrameworksBuildPhase section */
		BAA9577F27A15E1C0076363A /* Frameworks */ = {
			isa = PBXFrameworksBuildPhase;
			buildActionMask = 2147483647;
			files = (
			);
			runOnlyForDeploymentPostprocessing = 0;
		};
/* End PBXFrameworksBuildPhase section */

/* Begin PBXGroup section */
		BAA9577927A15E1C0076363A = {
			isa = PBXGroup;
			children = (
				BAA9578427A15E1C0076363A /* AppNationCase */,
				BAA9578327A15E1C0076363A /* Products */,
			);
			sourceTree = "<group>";
		};
		BAA9578327A15E1C0076363A /* Products */ = {
			isa = PBXGroup;
			children = (
				BAA9578227A15E1C0076363A /* AppNationCase.app */,
			);
			name = Products;
			sourceTree = "<group>";
		};
		BAA9578427A15E1C0076363A /* AppNationCase */ = {
			isa = PBXGroup;
			children = (
				BAA9579C27A15E5A0076363A /* Service */,
				BAA9579A27A15E3E0076363A /* Model */,
				BAA9579927A15E340076363A /* View */,
				BAA9579B27A15E470076363A /* ViewModel */,
				BAA9578527A15E1C0076363A /* AppDelegate.swift */,
				BAA9578727A15E1C0076363A /* SceneDelegate.swift */,
				BAA9578B27A15E1C0076363A /* Main.storyboard */,
				BAA9578E27A15E1D0076363A /* Assets.xcassets */,
				BAA9579027A15E1D0076363A /* LaunchScreen.storyboard */,
				BAA9579327A15E1D0076363A /* Info.plist */,
			);
			path = AppNationCase;
			sourceTree = "<group>";
		};
		BAA9579927A15E340076363A /* View */ = {
			isa = PBXGroup;
			children = (
				BAA957A127A189640076363A /* HomeViewController.swift */,
			);
			path = View;
			sourceTree = "<group>";
		};
		BAA9579A27A15E3E0076363A /* Model */ = {
			isa = PBXGroup;
			children = (
				BAA957A727A1ACE10076363A /* Space.swift */,
			);
			path = Model;
			sourceTree = "<group>";
		};
		BAA9579B27A15E470076363A /* ViewModel */ = {
			isa = PBXGroup;
			children = (
				BA68410427A2016D00AB02AA /* SpaceViewModel.swift */,
			);
			path = ViewModel;
			sourceTree = "<group>";
		};
		BAA9579C27A15E5A0076363A /* Service */ = {
			isa = PBXGroup;
			children = (
				BAA9579D27A15E660076363A /* Webservice.swift */,
			);
			path = Service;
			sourceTree = "<group>";
		};
/* End PBXGroup section */

/* Begin PBXNativeTarget section */
		BAA9578127A15E1C0076363A /* AppNationCase */ = {
			isa = PBXNativeTarget;
			buildConfigurationList = BAA9579627A15E1D0076363A /* Build configuration list for PBXNativeTarget "AppNationCase" */;
			buildPhases = (
				BAA9577E27A15E1C0076363A /* Sources */,
				BAA9577F27A15E1C0076363A /* Frameworks */,
				BAA9578027A15E1C0076363A /* Resources */,
			);
			buildRules = (
			);
			dependencies = (
			);
			name = AppNationCase;
			productName = AppNationCase;
			productReference = BAA9578227A15E1C0076363A /* AppNationCase.app */;
			productType = "com.apple.product-type.application";
		};
/* End PBXNativeTarget section */

/* Begin PBXProject section */
		BAA9577A27A15E1C0076363A /* Project object */ = {
			isa = PBXProject;
			attributes = {
				BuildIndependentTargetsInParallel = 1;
				LastSwiftUpdateCheck = 1320;
				LastUpgradeCheck = 1320;
				TargetAttributes = {
					BAA9578127A15E1C0076363A = {
						CreatedOnToolsVersion = 13.2.1;
					};
				};
			};
			buildConfigurationList = BAA9577D27A15E1C0076363A /* Build configuration list for PBXProject "AppNationCase" */;
			compatibilityVersion = "Xcode 13.0";
			developmentRegion = en;
			hasScannedForEncodings = 0;
			knownRegions = (
				en,
				Base,
			);
			mainGroup = BAA9577927A15E1C0076363A;
			productRefGroup = BAA9578327A15E1C0076363A /* Products */;
			projectDirPath = "";
			projectRoot = "";
			targets = (
				BAA9578127A15E1C0076363A /* AppNationCase */,
			);
		};
/* End PBXProject section */

/* Begin PBXResourcesBuildPhase section */
		BAA9578027A15E1C0076363A /* Resources */ = {
			isa = PBXResourcesBuildPhase;
			buildActionMask = 2147483647;
			files = (
				BAA9579227A15E1D0076363A /* LaunchScreen.storyboard in Resources */,
				BAA9578F27A15E1D0076363A /* Assets.xcassets in Resources */,
				BAA9578D27A15E1C0076363A /* Main.storyboard in Resources */,
			);
			runOnlyForDeploymentPostprocessing = 0;
		};
/* End PBXResourcesBuildPhase section */

/* Begin PBXSourcesBuildPhase section */
		BAA9577E27A15E1C0076363A /* Sources */ = {
			isa = PBXSourcesBuildPhase;
			buildActionMask = 2147483647;
			files = (
				BAA957A227A189640076363A /* HomeViewController.swift in Sources */,
				BAA957A827A1ACE10076363A /* Space.swift in Sources */,
				BAA9578627A15E1C0076363A /* AppDelegate.swift in Sources */,
				BAA9578827A15E1C0076363A /* SceneDelegate.swift in Sources */,
				BAA9579E27A15E660076363A /* Webservice.swift in Sources */,
				BA68410527A2016D00AB02AA /* SpaceViewModel.swift in Sources */,
			);
			runOnlyForDeploymentPostprocessing = 0;
		};
/* End PBXSourcesBuildPhase section */

/* Begin PBXVariantGroup section */
		BAA9578B27A15E1C0076363A /* Main.storyboard */ = {
			isa = PBXVariantGroup;
			children = (
				BAA9578C27A15E1C0076363A /* Base */,
			);
			name = Main.storyboard;
			sourceTree = "<group>";
		};
		BAA9579027A15E1D0076363A /* LaunchScreen.storyboard */ = {
			isa = PBXVariantGroup;
			children = (
				BAA9579127A15E1D0076363A /* Base */,
			);
			name = LaunchScreen.storyboard;
			sourceTree = "<group>";
		};
/* End PBXVariantGroup section */

/* Begin XCBuildConfiguration section */
		BAA9579427A15E1D0076363A /* Debug */ = {
			isa = XCBuildConfiguration;
			buildSettings = {
				ALWAYS_SEARCH_USER_PATHS = NO;
				CLANG_ANALYZER_NONNULL = YES;
				CLANG_ANALYZER_NUMBER_OBJECT_CONVERSION = YES_AGGRESSIVE;
				CLANG_CXX_LANGUAGE_STANDARD = "gnu++17";
				CLANG_CXX_LIBRARY = "libc++";
				CLANG_ENABLE_MODULES = YES;
				CLANG_ENABLE_OBJC_ARC = YES;
				CLANG_ENABLE_OBJC_WEAK = YES;
				CLANG_WARN_BLOCK_CAPTURE_AUTORELEASING = YES;
				CLANG_WARN_BOOL_CONVERSION = YES;
				CLANG_WARN_COMMA = YES;
				CLANG_WARN_CONSTANT_CONVERSION = YES;
				CLANG_WARN_DEPRECATED_OBJC_IMPLEMENTATIONS = YES;
				CLANG_WARN_DIRECT_OBJC_ISA_USAGE = YES_ERROR;
				CLANG_WARN_DOCUMENTATION_COMMENTS = YES;
				CLANG_WARN_EMPTY_BODY = YES;
				CLANG_WARN_ENUM_CONVERSION = YES;
				CLANG_WARN_INFINITE_RECURSION = YES;
				CLANG_WARN_INT_CONVERSION = YES;
				CLANG_WARN_NON_LITERAL_NULL_CONVERSION = YES;
				CLANG_WARN_OBJC_IMPLICIT_RETAIN_SELF = YES;
				CLANG_WARN_OBJC_LITERAL_CONVERSION = YES;
				CLANG_WARN_OBJC_ROOT_CLASS = YES_ERROR;
				CLANG_WARN_QUOTED_INCLUDE_IN_FRAMEWORK_HEADER = YES;
				CLANG_WARN_RANGE_LOOP_ANALYSIS = YES;
				CLANG_WARN_STRICT_PROTOTYPES = YES;
				CLANG_WARN_SUSPICIOUS_MOVE = YES;
				CLANG_WARN_UNGUARDED_AVAILABILITY = YES_AGGRESSIVE;
				CLANG_WARN_UNREACHABLE_CODE = YES;
				CLANG_WARN__DUPLICATE_METHOD_MATCH = YES;
				COPY_PHASE_STRIP = NO;
				DEBUG_INFORMATION_FORMAT = dwarf;
				ENABLE_STRICT_OBJC_MSGSEND = YES;
				ENABLE_TESTABILITY = YES;
				GCC_C_LANGUAGE_STANDARD = gnu11;
				GCC_DYNAMIC_NO_PIC = NO;
				GCC_NO_COMMON_BLOCKS = YES;
				GCC_OPTIMIZATION_LEVEL = 0;
				GCC_PREPROCESSOR_DEFINITIONS = (
					"DEBUG=1",
					"$(inherited)",
				);
				GCC_WARN_64_TO_32_BIT_CONVERSION = YES;
				GCC_WARN_ABOUT_RETURN_TYPE = YES_ERROR;
				GCC_WARN_UNDECLARED_SELECTOR = YES;
				GCC_WARN_UNINITIALIZED_AUTOS = YES_AGGRESSIVE;
				GCC_WARN_UNUSED_FUNCTION = YES;
				GCC_WARN_UNUSED_VARIABLE = YES;
				IPHONEOS_DEPLOYMENT_TARGET = 15.2;
				MTL_ENABLE_DEBUG_INFO = INCLUDE_SOURCE;
				MTL_FAST_MATH = YES;
				ONLY_ACTIVE_ARCH = YES;
				SDKROOT = iphoneos;
				SWIFT_ACTIVE_COMPILATION_CONDITIONS = DEBUG;
				SWIFT_OPTIMIZATION_LEVEL = "-Onone";
			};
			name = Debug;
		};
		BAA9579527A15E1D0076363A /* Release */ = {
			isa = XCBuildConfiguration;
			buildSettings = {
				ALWAYS_SEARCH_USER_PATHS = NO;
				CLANG_ANALYZER_NONNULL = YES;
				CLANG_ANALYZER_NUMBER_OBJECT_CONVERSION = YES_AGGRESSIVE;
				CLANG_CXX_LANGUAGE_STANDARD = "gnu++17";
				CLANG_CXX_LIBRARY = "libc++";
				CLANG_ENABLE_MODULES = YES;
				CLANG_ENABLE_OBJC_ARC = YES;
				CLANG_ENABLE_OBJC_WEAK = YES;
				CLANG_WARN_BLOCK_CAPTURE_AUTORELEASING = YES;
				CLANG_WARN_BOOL_CONVERSION = YES;
				CLANG_WARN_COMMA = YES;
				CLANG_WARN_CONSTANT_CONVERSION = YES;
				CLANG_WARN_DEPRECATED_OBJC_IMPLEMENTATIONS = YES;
				CLANG_WARN_DIRECT_OBJC_ISA_USAGE = YES_ERROR;
				CLANG_WARN_DOCUMENTATION_COMMENTS = YES;
				CLANG_WARN_EMPTY_BODY = YES;
				CLANG_WARN_ENUM_CONVERSION = YES;
				CLANG_WARN_INFINITE_RECURSION = YES;
				CLANG_WARN_INT_CONVERSION = YES;
				CLANG_WARN_NON_LITERAL_NULL_CONVERSION = YES;
				CLANG_WARN_OBJC_IMPLICIT_RETAIN_SELF = YES;
				CLANG_WARN_OBJC_LITERAL_CONVERSION = YES;
				CLANG_WARN_OBJC_ROOT_CLASS = YES_ERROR;
				CLANG_WARN_QUOTED_INCLUDE_IN_FRAMEWORK_HEADER = YES;
				CLANG_WARN_RANGE_LOOP_ANALYSIS = YES;
				CLANG_WARN_STRICT_PROTOTYPES = YES;
				CLANG_WARN_SUSPICIOUS_MOVE = YES;
				CLANG_WARN_UNGUARDED_AVAILABILITY = YES_AGGRESSIVE;
				CLANG_WARN_UNREACHABLE_CODE = YES;
				CLANG_WARN__DUPLICATE_METHOD_MATCH = YES;
				COPY_PHASE_STRIP = NO;
				DEBUG_INFORMATION_FORMAT = "dwarf-with-dsym";
				ENABLE_NS_ASSERTIONS = NO;
				ENABLE_STRICT_OBJC_MSGSEND = YES;
				GCC_C_LANGUAGE_STANDARD = gnu11;
				GCC_NO_COMMON_BLOCKS = YES;
				GCC_WARN_64_TO_32_BIT_CONVERSION = YES;
				GCC_WARN_ABOUT_RETURN_TYPE = YES_ERROR;
				GCC_WARN_UNDECLARED_SELECTOR = YES;
				GCC_WARN_UNINITIALIZED_AUTOS = YES_AGGRESSIVE;
				GCC_WARN_UNUSED_FUNCTION = YES;
				GCC_WARN_UNUSED_VARIABLE = YES;
				IPHONEOS_DEPLOYMENT_TARGET = 15.2;
				MTL_ENABLE_DEBUG_INFO = NO;
				MTL_FAST_MATH = YES;
				SDKROOT = iphoneos;
				SWIFT_COMPILATION_MODE = wholemodule;
				SWIFT_OPTIMIZATION_LEVEL = "-O";
				VALIDATE_PRODUCT = YES;
			};
			name = Release;
		};
		BAA9579727A15E1D0076363A /* Debug */ = {
			isa = XCBuildConfiguration;
			buildSettings = {
				ASSETCATALOG_COMPILER_APPICON_NAME = AppIcon;
				ASSETCATALOG_COMPILER_GLOBAL_ACCENT_COLOR_NAME = AccentColor;
				CODE_SIGN_STYLE = Automatic;
				CURRENT_PROJECT_VERSION = 1;
				DEVELOPMENT_TEAM = 3A8H2GTC36;
				GENERATE_INFOPLIST_FILE = YES;
				INFOPLIST_FILE = AppNationCase/Info.plist;
				INFOPLIST_KEY_UIApplicationSupportsIndirectInputEvents = YES;
				INFOPLIST_KEY_UILaunchStoryboardName = LaunchScreen;
				INFOPLIST_KEY_UIMainStoryboardFile = Main;
				INFOPLIST_KEY_UISupportedInterfaceOrientations_iPad = "UIInterfaceOrientationPortrait UIInterfaceOrientationPortraitUpsideDown UIInterfaceOrientationLandscapeLeft UIInterfaceOrientationLandscapeRight";
				INFOPLIST_KEY_UISupportedInterfaceOrientations_iPhone = "UIInterfaceOrientationPortrait UIInterfaceOrientationLandscapeLeft UIInterfaceOrientationLandscapeRight";
				LD_RUNPATH_SEARCH_PATHS = (
					"$(inherited)",
					"@executable_path/Frameworks",
				);
				MARKETING_VERSION = 1.0;
				PRODUCT_BUNDLE_IDENTIFIER = com.kadanur.AppNationCase;
				PRODUCT_NAME = "$(TARGET_NAME)";
				SWIFT_EMIT_LOC_STRINGS = YES;
				SWIFT_VERSION = 5.0;
				TARGETED_DEVICE_FAMILY = "1,2";
			};
			name = Debug;
		};
		BAA9579827A15E1D0076363A /* Release */ = {
			isa = XCBuildConfiguration;
			buildSettings = {
				ASSETCATALOG_COMPILER_APPICON_NAME = AppIcon;
				ASSETCATALOG_COMPILER_GLOBAL_ACCENT_COLOR_NAME = AccentColor;
				CODE_SIGN_STYLE = Automatic;
				CURRENT_PROJECT_VERSION = 1;
				DEVELOPMENT_TEAM = 3A8H2GTC36;
				GENERATE_INFOPLIST_FILE = YES;
				INFOPLIST_FILE = AppNationCase/Info.plist;
				INFOPLIST_KEY_UIApplicationSupportsIndirectInputEvents = YES;
				INFOPLIST_KEY_UILaunchStoryboardName = LaunchScreen;
				INFOPLIST_KEY_UIMainStoryboardFile = Main;
				INFOPLIST_KEY_UISupportedInterfaceOrientations_iPad = "UIInterfaceOrientationPortrait UIInterfaceOrientationPortraitUpsideDown UIInterfaceOrientationLandscapeLeft UIInterfaceOrientationLandscapeRight";
				INFOPLIST_KEY_UISupportedInterfaceOrientations_iPhone = "UIInterfaceOrientationPortrait UIInterfaceOrientationLandscapeLeft UIInterfaceOrientationLandscapeRight";
				LD_RUNPATH_SEARCH_PATHS = (
					"$(inherited)",
					"@executable_path/Frameworks",
				);
				MARKETING_VERSION = 1.0;
				PRODUCT_BUNDLE_IDENTIFIER = com.kadanur.AppNationCase;
				PRODUCT_NAME = "$(TARGET_NAME)";
				SWIFT_EMIT_LOC_STRINGS = YES;
				SWIFT_VERSION = 5.0;
				TARGETED_DEVICE_FAMILY = "1,2";
			};
			name = Release;
		};
/* End XCBuildConfiguration section */

/* Begin XCConfigurationList section */
		BAA9577D27A15E1C0076363A /* Build configuration list for PBXProject "AppNationCase" */ = {
			isa = XCConfigurationList;
			buildConfigurations = (
				BAA9579427A15E1D0076363A /* Debug */,
				BAA9579527A15E1D0076363A /* Release */,
			);
			defaultConfigurationIsVisible = 0;
			defaultConfigurationName = Release;
		};
		BAA9579627A15E1D0076363A /* Build configuration list for PBXNativeTarget "AppNationCase" */ = {
			isa = XCConfigurationList;
			buildConfigurations = (
				BAA9579727A15E1D0076363A /* Debug */,
				BAA9579827A15E1D0076363A /* Release */,
			);
			defaultConfigurationIsVisible = 0;
			defaultConfigurationName = Release;
		};
/* End XCConfigurationList section */
	};
	rootObject = BAA9577A27A15E1C0076363A /* Project object */;
}
